// !$*UTF8*$!
{
	archiveVersion = 1;
	classes = {
	};
	objectVersion = 50;
	objects = {

/* Begin PBXBuildFile section */
		DADDBA6A2478AC8700ADDD6E /* AppDelegate.swift in Sources */ = {isa = PBXBuildFile; fileRef = DADDBA692478AC8700ADDD6E /* AppDelegate.swift */; };
		DADDBA6C2478AC8700ADDD6E /* SceneDelegate.swift in Sources */ = {isa = PBXBuildFile; fileRef = DADDBA6B2478AC8700ADDD6E /* SceneDelegate.swift */; };
		DADDBA6E2478AC8700ADDD6E /* ViewController.swift in Sources */ = {isa = PBXBuildFile; fileRef = DADDBA6D2478AC8700ADDD6E /* ViewController.swift */; };
		DADDBA712478AC8700ADDD6E /* Main.storyboard in Resources */ = {isa = PBXBuildFile; fileRef = DADDBA6F2478AC8700ADDD6E /* Main.storyboard */; };
		DADDBA732478AC8A00ADDD6E /* Assets.xcassets in Resources */ = {isa = PBXBuildFile; fileRef = DADDBA722478AC8A00ADDD6E /* Assets.xcassets */; };
		DADDBA762478AC8A00ADDD6E /* LaunchScreen.storyboard in Resources */ = {isa = PBXBuildFile; fileRef = DADDBA742478AC8A00ADDD6E /* LaunchScreen.storyboard */; };
/* End PBXBuildFile section */

/* Begin PBXFileReference section */
		DADDBA662478AC8700ADDD6E /* MyFirstTestAPI_AppleChaos.app */ = {isa = PBXFileReference; explicitFileType = wrapper.application; includeInIndex = 0; path = MyFirstTestAPI_AppleChaos.app; sourceTree = BUILT_PRODUCTS_DIR; };
		DADDBA692478AC8700ADDD6E /* AppDelegate.swift */ = {isa = PBXFileReference; lastKnownFileType = sourcecode.swift; path = AppDelegate.swift; sourceTree = "<group>"; };
		DADDBA6B2478AC8700ADDD6E /* SceneDelegate.swift */ = {isa = PBXFileReference; lastKnownFileType = sourcecode.swift; path = SceneDelegate.swift; sourceTree = "<group>"; };
		DADDBA6D2478AC8700ADDD6E /* ViewController.swift */ = {isa = PBXFileReference; lastKnownFileType = sourcecode.swift; path = ViewController.swift; sourceTree = "<group>"; };
		DADDBA702478AC8700ADDD6E /* Base */ = {isa = PBXFileReference; lastKnownFileType = file.storyboard; name = Base; path = Base.lproj/Main.storyboard; sourceTree = "<group>"; };
		DADDBA722478AC8A00ADDD6E /* Assets.xcassets */ = {isa = PBXFileReference; lastKnownFileType = folder.assetcatalog; path = Assets.xcassets; sourceTree = "<group>"; };
		DADDBA752478AC8A00ADDD6E /* Base */ = {isa = PBXFileReference; lastKnownFileType = file.storyboard; name = Base; path = Base.lproj/LaunchScreen.storyboard; sourceTree = "<group>"; };
		DADDBA772478AC8A00ADDD6E /* Info.plist */ = {isa = PBXFileReference; lastKnownFileType = text.plist.xml; path = Info.plist; sourceTree = "<group>"; };
/* End PBXFileReference section */

/* Begin PBXFrameworksBuildPhase section */
		DADDBA632478AC8700ADDD6E /* Frameworks */ = {
			isa = PBXFrameworksBuildPhase;
			buildActionMask = 2147483647;
			files = (
			);
			runOnlyForDeploymentPostprocessing = 0;
		};
/* End PBXFrameworksBuildPhase section */

/* Begin PBXGroup section */
		DADDBA5D2478AC8700ADDD6E = {
			isa = PBXGroup;
			children = (
				DADDBA682478AC8700ADDD6E /* MyFirstTestAPI_AppleChaos */,
				DADDBA672478AC8700ADDD6E /* Products */,
			);
			sourceTree = "<group>";
		};
		DADDBA672478AC8700ADDD6E /* Products */ = {
			isa = PBXGroup;
			children = (
				DADDBA662478AC8700ADDD6E /* MyFirstTestAPI_AppleChaos.app */,
			);
			name = Products;
			sourceTree = "<group>";
		};
		DADDBA682478AC8700ADDD6E /* MyFirstTestAPI_AppleChaos */ = {
			isa = PBXGroup;
			children = (
				DADDBA692478AC8700ADDD6E /* AppDelegate.swift */,
				DADDBA6B2478AC8700ADDD6E /* SceneDelegate.swift */,
				DADDBA6D2478AC8700ADDD6E /* ViewController.swift */,
				DADDBA6F2478AC8700ADDD6E /* Main.storyboard */,
				DADDBA722478AC8A00ADDD6E /* Assets.xcassets */,
				DADDBA742478AC8A00ADDD6E /* LaunchScreen.storyboard */,
				DADDBA772478AC8A00ADDD6E /* Info.plist */,
			);
			path = MyFirstTestAPI_AppleChaos;
			sourceTree = "<group>";
		};
/* End PBXGroup section */

/* Begin PBXNativeTarget section */
		DADDBA652478AC8700ADDD6E /* MyFirstTestAPI_AppleChaos */ = {
			isa = PBXNativeTarget;
			buildConfigurationList = DADDBA7A2478AC8A00ADDD6E /* Build configuration list for PBXNativeTarget "MyFirstTestAPI_AppleChaos" */;
			buildPhases = (
				DADDBA622478AC8700ADDD6E /* Sources */,
				DADDBA632478AC8700ADDD6E /* Frameworks */,
				DADDBA642478AC8700ADDD6E /* Resources */,
			);
			buildRules = (
			);
			dependencies = (
			);
			name = MyFirstTestAPI_AppleChaos;
			productName = MyFirstTestAPI_AppleChaos;
			productReference = DADDBA662478AC8700ADDD6E /* MyFirstTestAPI_AppleChaos.app */;
			productType = "com.apple.product-type.application";
		};
/* End PBXNativeTarget section */

/* Begin PBXProject section */
		DADDBA5E2478AC8700ADDD6E /* Project object */ = {
			isa = PBXProject;
			attributes = {
				LastSwiftUpdateCheck = 1150;
				LastUpgradeCheck = 1150;
				ORGANIZATIONNAME = "April Chao";
				TargetAttributes = {
					DADDBA652478AC8700ADDD6E = {
						CreatedOnToolsVersion = 11.5;
					};
				};
			};
			buildConfigurationList = DADDBA612478AC8700ADDD6E /* Build configuration list for PBXProject "MyFirstTestAPI_AppleChaos" */;
			compatibilityVersion = "Xcode 9.3";
			developmentRegion = en;
			hasScannedForEncodings = 0;
			knownRegions = (
				en,
				Base,
			);
			mainGroup = DADDBA5D2478AC8700ADDD6E;
			productRefGroup = DADDBA672478AC8700ADDD6E /* Products */;
			projectDirPath = "";
			projectRoot = "";
			targets = (
				DADDBA652478AC8700ADDD6E /* MyFirstTestAPI_AppleChaos */,
			);
		};
/* End PBXProject section */

/* Begin PBXResourcesBuildPhase section */
		DADDBA642478AC8700ADDD6E /* Resources */ = {
			isa = PBXResourcesBuildPhase;
			buildActionMask = 2147483647;
			files = (
				DADDBA762478AC8A00ADDD6E /* LaunchScreen.storyboard in Resources */,
				DADDBA732478AC8A00ADDD6E /* Assets.xcassets in Resources */,
				DADDBA712478AC8700ADDD6E /* Main.storyboard in Resources */,
			);
			runOnlyForDeploymentPostprocessing = 0;
		};
/* End PBXResourcesBuildPhase section */

/* Begin PBXSourcesBuildPhase section */
		DADDBA622478AC8700ADDD6E /* Sources */ = {
			isa = PBXSourcesBuildPhase;
			buildActionMask = 2147483647;
			files = (
				DADDBA6E2478AC8700ADDD6E /* ViewController.swift in Sources */,
				DADDBA6A2478AC8700ADDD6E /* AppDelegate.swift in Sources */,
				DADDBA6C2478AC8700ADDD6E /* SceneDelegate.swift in Sources */,
			);
			runOnlyForDeploymentPostprocessing = 0;
		};
/* End PBXSourcesBuildPhase section */

/* Begin PBXVariantGroup section */
		DADDBA6F2478AC8700ADDD6E /* Main.storyboard */ = {
			isa = PBXVariantGroup;
			children = (
				DADDBA702478AC8700ADDD6E /* Base */,
			);
			name = Main.storyboard;
			sourceTree = "<group>";
		};
		DADDBA742478AC8A00ADDD6E /* LaunchScreen.storyboard */ = {
			isa = PBXVariantGroup;
			children = (
				DADDBA752478AC8A00ADDD6E /* Base */,
			);
			name = LaunchScreen.storyboard;
			sourceTree = "<group>";
		};
/* End PBXVariantGroup section */

/* Begin XCBuildConfiguration section */
		DADDBA782478AC8A00ADDD6E /* Debug */ = {
			isa = XCBuildConfiguration;
			buildSettings = {
				ALWAYS_SEARCH_USER_PATHS = NO;
				CLANG_ANALYZER_NONNULL = YES;
				CLANG_ANALYZER_NUMBER_OBJECT_CONVERSION = YES_AGGRESSIVE;
				CLANG_CXX_LANGUAGE_STANDARD = "gnu++14";
				CLANG_CXX_LIBRARY = "libc++";
				CLANG_ENABLE_MODULES = YES;
				CLANG_ENABLE_OBJC_ARC = YES;
				CLANG_ENABLE_OBJC_WEAK = YES;
				CLANG_WARN_BLOCK_CAPTURE_AUTORELEASING = YES;
				CLANG_WARN_BOOL_CONVERSION = YES;
				CLANG_WARN_COMMA = YES;
				CLANG_WARN_CONSTANT_CONVERSION = YES;
				CLANG_WARN_DEPRECATED_OBJC_IMPLEMENTATIONS = YES;
				CLANG_WARN_DIRECT_OBJC_ISA_USAGE = YES_ERROR;
				CLANG_WARN_DOCUMENTATION_COMMENTS = YES;
				CLANG_WARN_EMPTY_BODY = YES;
				CLANG_WARN_ENUM_CONVERSION = YES;
				CLANG_WARN_INFINITE_RECURSION = YES;
				CLANG_WARN_INT_CONVERSION = YES;
				CLANG_WARN_NON_LITERAL_NULL_CONVERSION = YES;
				CLANG_WARN_OBJC_IMPLICIT_RETAIN_SELF = YES;
				CLANG_WARN_OBJC_LITERAL_CONVERSION = YES;
				CLANG_WARN_OBJC_ROOT_CLASS = YES_ERROR;
				CLANG_WARN_RANGE_LOOP_ANALYSIS = YES;
				CLANG_WARN_STRICT_PROTOTYPES = YES;
				CLANG_WARN_SUSPICIOUS_MOVE = YES;
				CLANG_WARN_UNGUARDED_AVAILABILITY = YES_AGGRESSIVE;
				CLANG_WARN_UNREACHABLE_CODE = YES;
				CLANG_WARN__DUPLICATE_METHOD_MATCH = YES;
				COPY_PHASE_STRIP = NO;
				DEBUG_INFORMATION_FORMAT = dwarf;
				ENABLE_STRICT_OBJC_MSGSEND = YES;
				ENABLE_TESTABILITY = YES;
				GCC_C_LANGUAGE_STANDARD = gnu11;
				GCC_DYNAMIC_NO_PIC = NO;
				GCC_NO_COMMON_BLOCKS = YES;
				GCC_OPTIMIZATION_LEVEL = 0;
				GCC_PREPROCESSOR_DEFINITIONS = (
					"DEBUG=1",
					"$(inherited)",
				);
				GCC_WARN_64_TO_32_BIT_CONVERSION = YES;
				GCC_WARN_ABOUT_RETURN_TYPE = YES_ERROR;
				GCC_WARN_UNDECLARED_SELECTOR = YES;
				GCC_WARN_UNINITIALIZED_AUTOS = YES_AGGRESSIVE;
				GCC_WARN_UNUSED_FUNCTION = YES;
				GCC_WARN_UNUSED_VARIABLE = YES;
				IPHONEOS_DEPLOYMENT_TARGET = 13.5;
				MTL_ENABLE_DEBUG_INFO = INCLUDE_SOURCE;
				MTL_FAST_MATH = YES;
				ONLY_ACTIVE_ARCH = YES;
				SDKROOT = iphoneos;
				SWIFT_ACTIVE_COMPILATION_CONDITIONS = DEBUG;
				SWIFT_OPTIMIZATION_LEVEL = "-Onone";
			};
			name = Debug;
		};
		DADDBA792478AC8A00ADDD6E /* Release */ = {
			isa = XCBuildConfiguration;
			buildSettings = {
				ALWAYS_SEARCH_USER_PATHS = NO;
				CLANG_ANALYZER_NONNULL = YES;
				CLANG_ANALYZER_NUMBER_OBJECT_CONVERSION = YES_AGGRESSIVE;
				CLANG_CXX_LANGUAGE_STANDARD = "gnu++14";
				CLANG_CXX_LIBRARY = "libc++";
				CLANG_ENABLE_MODULES = YES;
				CLANG_ENABLE_OBJC_ARC = YES;
				CLANG_ENABLE_OBJC_WEAK = YES;
				CLANG_WARN_BLOCK_CAPTURE_AUTORELEASING = YES;
				CLANG_WARN_BOOL_CONVERSION = YES;
				CLANG_WARN_COMMA = YES;
				CLANG_WARN_CONSTANT_CONVERSION = YES;
				CLANG_WARN_DEPRECATED_OBJC_IMPLEMENTATIONS = YES;
				CLANG_WARN_DIRECT_OBJC_ISA_USAGE = YES_ERROR;
				CLANG_WARN_DOCUMENTATION_COMMENTS = YES;
				CLANG_WARN_EMPTY_BODY = YES;
				CLANG_WARN_ENUM_CONVERSION = YES;
				CLANG_WARN_INFINITE_RECURSION = YES;
				CLANG_WARN_INT_CONVERSION = YES;
				CLANG_WARN_NON_LITERAL_NULL_CONVERSION = YES;
				CLANG_WARN_OBJC_IMPLICIT_RETAIN_SELF = YES;
				CLANG_WARN_OBJC_LITERAL_CONVERSION = YES;
				CLANG_WARN_OBJC_ROOT_CLASS = YES_ERROR;
				CLANG_WARN_RANGE_LOOP_ANALYSIS = YES;
				CLANG_WARN_STRICT_PROTOTYPES = YES;
				CLANG_WARN_SUSPICIOUS_MOVE = YES;
				CLANG_WARN_UNGUARDED_AVAILABILITY = YES_AGGRESSIVE;
				CLANG_WARN_UNREACHABLE_CODE = YES;
				CLANG_WARN__DUPLICATE_METHOD_MATCH = YES;
				COPY_PHASE_STRIP = NO;
				DEBUG_INFORMATION_FORMAT = "dwarf-with-dsym";
				ENABLE_NS_ASSERTIONS = NO;
				ENABLE_STRICT_OBJC_MSGSEND = YES;
				GCC_C_LANGUAGE_STANDARD = gnu11;
				GCC_NO_COMMON_BLOCKS = YES;
				GCC_WARN_64_TO_32_BIT_CONVERSION = YES;
				GCC_WARN_ABOUT_RETURN_TYPE = YES_ERROR;
				GCC_WARN_UNDECLARED_SELECTOR = YES;
				GCC_WARN_UNINITIALIZED_AUTOS = YES_AGGRESSIVE;
				GCC_WARN_UNUSED_FUNCTION = YES;
				GCC_WARN_UNUSED_VARIABLE = YES;
				IPHONEOS_DEPLOYMENT_TARGET = 13.5;
				MTL_ENABLE_DEBUG_INFO = NO;
				MTL_FAST_MATH = YES;
				SDKROOT = iphoneos;
				SWIFT_COMPILATION_MODE = wholemodule;
				SWIFT_OPTIMIZATION_LEVEL = "-O";
				VALIDATE_PRODUCT = YES;
			};
			name = Release;
		};
		DADDBA7B2478AC8A00ADDD6E /* Debug */ = {
			isa = XCBuildConfiguration;
			buildSettings = {
				ASSETCATALOG_COMPILER_APPICON_NAME = AppIcon;
				CODE_SIGN_STYLE = Automatic;
				DEVELOPMENT_TEAM = DVC4S5MH64;
				INFOPLIST_FILE = MyFirstTestAPI_AppleChaos/Info.plist;
				LD_RUNPATH_SEARCH_PATHS = (
					"$(inherited)",
					"@executable_path/Frameworks",
				);
				PRODUCT_BUNDLE_IDENTIFIER = "april-chao.MyFirstTestAPI-AppleChaos";
				PRODUCT_NAME = "$(TARGET_NAME)";
				SWIFT_VERSION = 5.0;
				TARGETED_DEVICE_FAMILY = "1,2";
			};
			name = Debug;
		};
		DADDBA7C2478AC8A00ADDD6E /* Release */ = {
			isa = XCBuildConfiguration;
			buildSettings = {
				ASSETCATALOG_COMPILER_APPICON_NAME = AppIcon;
				CODE_SIGN_STYLE = Automatic;
				DEVELOPMENT_TEAM = DVC4S5MH64;
				INFOPLIST_FILE = MyFirstTestAPI_AppleChaos/Info.plist;
				LD_RUNPATH_SEARCH_PATHS = (
					"$(inherited)",
					"@executable_path/Frameworks",
				);
				PRODUCT_BUNDLE_IDENTIFIER = "april-chao.MyFirstTestAPI-AppleChaos";
				PRODUCT_NAME = "$(TARGET_NAME)";
				SWIFT_VERSION = 5.0;
				TARGETED_DEVICE_FAMILY = "1,2";
			};
			name = Release;
		};
/* End XCBuildConfiguration section */

/* Begin XCConfigurationList section */
		DADDBA612478AC8700ADDD6E /* Build configuration list for PBXProject "MyFirstTestAPI_AppleChaos" */ = {
			isa = XCConfigurationList;
			buildConfigurations = (
				DADDBA782478AC8A00ADDD6E /* Debug */,
				DADDBA792478AC8A00ADDD6E /* Release */,
			);
			defaultConfigurationIsVisible = 0;
			defaultConfigurationName = Release;
		};
		DADDBA7A2478AC8A00ADDD6E /* Build configuration list for PBXNativeTarget "MyFirstTestAPI_AppleChaos" */ = {
			isa = XCConfigurationList;
			buildConfigurations = (
				DADDBA7B2478AC8A00ADDD6E /* Debug */,
				DADDBA7C2478AC8A00ADDD6E /* Release */,
			);
			defaultConfigurationIsVisible = 0;
			defaultConfigurationName = Release;
		};
/* End XCConfigurationList section */
	};
	rootObject = DADDBA5E2478AC8700ADDD6E /* Project object */;
}
